// !$*UTF8*$!
{
	archiveVersion = 1;
	classes = {
	};
	objectVersion = 46;
	objects = {

/* Begin PBXBuildFile section */
		80423C521CFFEBE100BBCD14 /* AppDelegate.swift in Sources */ = {isa = PBXBuildFile; fileRef = 80423C511CFFEBE100BBCD14 /* AppDelegate.swift */; };
		80423C541CFFEBE100BBCD14 /* ViewController.swift in Sources */ = {isa = PBXBuildFile; fileRef = 80423C531CFFEBE100BBCD14 /* ViewController.swift */; };
		80423C571CFFEBE100BBCD14 /* Main.storyboard in Resources */ = {isa = PBXBuildFile; fileRef = 80423C551CFFEBE100BBCD14 /* Main.storyboard */; };
		80423C591CFFEBE100BBCD14 /* Assets.xcassets in Resources */ = {isa = PBXBuildFile; fileRef = 80423C581CFFEBE100BBCD14 /* Assets.xcassets */; };
		80423C5C1CFFEBE100BBCD14 /* LaunchScreen.storyboard in Resources */ = {isa = PBXBuildFile; fileRef = 80423C5A1CFFEBE100BBCD14 /* LaunchScreen.storyboard */; };
		80423C671CFFEBE100BBCD14 /* SaleCalcTests.swift in Sources */ = {isa = PBXBuildFile; fileRef = 80423C661CFFEBE100BBCD14 /* SaleCalcTests.swift */; };
/* End PBXBuildFile section */

/* Begin PBXContainerItemProxy section */
		80423C631CFFEBE100BBCD14 /* PBXContainerItemProxy */ = {
			isa = PBXContainerItemProxy;
			containerPortal = 80423C461CFFEBE100BBCD14 /* Project object */;
			proxyType = 1;
			remoteGlobalIDString = 80423C4D1CFFEBE100BBCD14;
			remoteInfo = SaleCalc;
		};
/* End PBXContainerItemProxy section */

/* Begin PBXFileReference section */
		80423C4E1CFFEBE100BBCD14 /* SaleCalc.app */ = {isa = PBXFileReference; explicitFileType = wrapper.application; includeInIndex = 0; path = SaleCalc.app; sourceTree = BUILT_PRODUCTS_DIR; };
		80423C511CFFEBE100BBCD14 /* AppDelegate.swift */ = {isa = PBXFileReference; lastKnownFileType = sourcecode.swift; path = AppDelegate.swift; sourceTree = "<group>"; };
		80423C531CFFEBE100BBCD14 /* ViewController.swift */ = {isa = PBXFileReference; lastKnownFileType = sourcecode.swift; path = ViewController.swift; sourceTree = "<group>"; };
		80423C561CFFEBE100BBCD14 /* Base */ = {isa = PBXFileReference; lastKnownFileType = file.storyboard; name = Base; path = Base.lproj/Main.storyboard; sourceTree = "<group>"; };
		80423C581CFFEBE100BBCD14 /* Assets.xcassets */ = {isa = PBXFileReference; lastKnownFileType = folder.assetcatalog; path = Assets.xcassets; sourceTree = "<group>"; };
		80423C5B1CFFEBE100BBCD14 /* Base */ = {isa = PBXFileReference; lastKnownFileType = file.storyboard; name = Base; path = Base.lproj/LaunchScreen.storyboard; sourceTree = "<group>"; };
		80423C5D1CFFEBE100BBCD14 /* Info.plist */ = {isa = PBXFileReference; lastKnownFileType = text.plist.xml; path = Info.plist; sourceTree = "<group>"; };
		80423C621CFFEBE100BBCD14 /* SaleCalcTests.xctest */ = {isa = PBXFileReference; explicitFileType = wrapper.cfbundle; includeInIndex = 0; path = SaleCalcTests.xctest; sourceTree = BUILT_PRODUCTS_DIR; };
		80423C661CFFEBE100BBCD14 /* SaleCalcTests.swift */ = {isa = PBXFileReference; lastKnownFileType = sourcecode.swift; path = SaleCalcTests.swift; sourceTree = "<group>"; };
		80423C681CFFEBE100BBCD14 /* Info.plist */ = {isa = PBXFileReference; lastKnownFileType = text.plist.xml; path = Info.plist; sourceTree = "<group>"; };
/* End PBXFileReference section */

/* Begin PBXFrameworksBuildPhase section */
		80423C4B1CFFEBE100BBCD14 /* Frameworks */ = {
			isa = PBXFrameworksBuildPhase;
			buildActionMask = 2147483647;
			files = (
			);
			runOnlyForDeploymentPostprocessing = 0;
		};
		80423C5F1CFFEBE100BBCD14 /* Frameworks */ = {
			isa = PBXFrameworksBuildPhase;
			buildActionMask = 2147483647;
			files = (
			);
			runOnlyForDeploymentPostprocessing = 0;
		};
/* End PBXFrameworksBuildPhase section */

/* Begin PBXGroup section */
		80423C451CFFEBE100BBCD14 = {
			isa = PBXGroup;
			children = (
				80423C501CFFEBE100BBCD14 /* SaleCalc */,
				80423C651CFFEBE100BBCD14 /* SaleCalcTests */,
				80423C4F1CFFEBE100BBCD14 /* Products */,
			);
			sourceTree = "<group>";
		};
		80423C4F1CFFEBE100BBCD14 /* Products */ = {
			isa = PBXGroup;
			children = (
				80423C4E1CFFEBE100BBCD14 /* SaleCalc.app */,
				80423C621CFFEBE100BBCD14 /* SaleCalcTests.xctest */,
			);
			name = Products;
			sourceTree = "<group>";
		};
		80423C501CFFEBE100BBCD14 /* SaleCalc */ = {
			isa = PBXGroup;
			children = (
				80423C511CFFEBE100BBCD14 /* AppDelegate.swift */,
				80423C531CFFEBE100BBCD14 /* ViewController.swift */,
				80423C551CFFEBE100BBCD14 /* Main.storyboard */,
				80423C581CFFEBE100BBCD14 /* Assets.xcassets */,
				80423C5A1CFFEBE100BBCD14 /* LaunchScreen.storyboard */,
				80423C5D1CFFEBE100BBCD14 /* Info.plist */,
			);
			path = SaleCalc;
			sourceTree = "<group>";
		};
		80423C651CFFEBE100BBCD14 /* SaleCalcTests */ = {
			isa = PBXGroup;
			children = (
				80423C661CFFEBE100BBCD14 /* SaleCalcTests.swift */,
				80423C681CFFEBE100BBCD14 /* Info.plist */,
			);
			path = SaleCalcTests;
			sourceTree = "<group>";
		};
/* End PBXGroup section */

/* Begin PBXNativeTarget section */
		80423C4D1CFFEBE100BBCD14 /* SaleCalc */ = {
			isa = PBXNativeTarget;
			buildConfigurationList = 80423C6B1CFFEBE100BBCD14 /* Build configuration list for PBXNativeTarget "SaleCalc" */;
			buildPhases = (
				80423C4A1CFFEBE100BBCD14 /* Sources */,
				80423C4B1CFFEBE100BBCD14 /* Frameworks */,
				80423C4C1CFFEBE100BBCD14 /* Resources */,
			);
			buildRules = (
			);
			dependencies = (
			);
			name = SaleCalc;
			productName = SaleCalc;
			productReference = 80423C4E1CFFEBE100BBCD14 /* SaleCalc.app */;
			productType = "com.apple.product-type.application";
		};
		80423C611CFFEBE100BBCD14 /* SaleCalcTests */ = {
			isa = PBXNativeTarget;
			buildConfigurationList = 80423C6E1CFFEBE100BBCD14 /* Build configuration list for PBXNativeTarget "SaleCalcTests" */;
			buildPhases = (
				80423C5E1CFFEBE100BBCD14 /* Sources */,
				80423C5F1CFFEBE100BBCD14 /* Frameworks */,
				80423C601CFFEBE100BBCD14 /* Resources */,
			);
			buildRules = (
			);
			dependencies = (
				80423C641CFFEBE100BBCD14 /* PBXTargetDependency */,
			);
			name = SaleCalcTests;
			productName = SaleCalcTests;
			productReference = 80423C621CFFEBE100BBCD14 /* SaleCalcTests.xctest */;
			productType = "com.apple.product-type.bundle.unit-test";
		};
/* End PBXNativeTarget section */

/* Begin PBXProject section */
		80423C461CFFEBE100BBCD14 /* Project object */ = {
			isa = PBXProject;
			attributes = {
				LastSwiftUpdateCheck = 0730;
				LastUpgradeCheck = 0730;
				ORGANIZATIONNAME = "Avie Seegobin";
				TargetAttributes = {
					80423C4D1CFFEBE100BBCD14 = {
						CreatedOnToolsVersion = 7.3.1;
					};
					80423C611CFFEBE100BBCD14 = {
						CreatedOnToolsVersion = 7.3.1;
						TestTargetID = 80423C4D1CFFEBE100BBCD14;
					};
				};
			};
			buildConfigurationList = 80423C491CFFEBE100BBCD14 /* Build configuration list for PBXProject "SaleCalc" */;
			compatibilityVersion = "Xcode 3.2";
			developmentRegion = English;
			hasScannedForEncodings = 0;
			knownRegions = (
				en,
				Base,
			);
			mainGroup = 80423C451CFFEBE100BBCD14;
			productRefGroup = 80423C4F1CFFEBE100BBCD14 /* Products */;
			projectDirPath = "";
			projectRoot = "";
			targets = (
				80423C4D1CFFEBE100BBCD14 /* SaleCalc */,
				80423C611CFFEBE100BBCD14 /* SaleCalcTests */,
			);
		};
/* End PBXProject section */

/* Begin PBXResourcesBuildPhase section */
		80423C4C1CFFEBE100BBCD14 /* Resources */ = {
			isa = PBXResourcesBuildPhase;
			buildActionMask = 2147483647;
			files = (
				80423C5C1CFFEBE100BBCD14 /* LaunchScreen.storyboard in Resources */,
				80423C591CFFEBE100BBCD14 /* Assets.xcassets in Resources */,
				80423C571CFFEBE100BBCD14 /* Main.storyboard in Resources */,
			);
			runOnlyForDeploymentPostprocessing = 0;
		};
		80423C601CFFEBE100BBCD14 /* Resources */ = {
			isa = PBXResourcesBuildPhase;
			buildActionMask = 2147483647;
			files = (
			);
			runOnlyForDeploymentPostprocessing = 0;
		};
/* End PBXResourcesBuildPhase section */

/* Begin PBXSourcesBuildPhase section */
		80423C4A1CFFEBE100BBCD14 /* Sources */ = {
			isa = PBXSourcesBuildPhase;
			buildActionMask = 2147483647;
			files = (
				80423C541CFFEBE100BBCD14 /* ViewController.swift in Sources */,
				80423C521CFFEBE100BBCD14 /* AppDelegate.swift in Sources */,
			);
			runOnlyForDeploymentPostprocessing = 0;
		};
		80423C5E1CFFEBE100BBCD14 /* Sources */ = {
			isa = PBXSourcesBuildPhase;
			buildActionMask = 2147483647;
			files = (
				80423C671CFFEBE100BBCD14 /* SaleCalcTests.swift in Sources */,
			);
			runOnlyForDeploymentPostprocessing = 0;
		};
/* End PBXSourcesBuildPhase section */

/* Begin PBXTargetDependency section */
		80423C641CFFEBE100BBCD14 /* PBXTargetDependency */ = {
			isa = PBXTargetDependency;
			target = 80423C4D1CFFEBE100BBCD14 /* SaleCalc */;
			targetProxy = 80423C631CFFEBE100BBCD14 /* PBXContainerItemProxy */;
		};
/* End PBXTargetDependency section */

/* Begin PBXVariantGroup section */
		80423C551CFFEBE100BBCD14 /* Main.storyboard */ = {
			isa = PBXVariantGroup;
			children = (
				80423C561CFFEBE100BBCD14 /* Base */,
			);
			name = Main.storyboard;
			sourceTree = "<group>";
		};
		80423C5A1CFFEBE100BBCD14 /* LaunchScreen.storyboard */ = {
			isa = PBXVariantGroup;
			children = (
				80423C5B1CFFEBE100BBCD14 /* Base */,
			);
			name = LaunchScreen.storyboard;
			sourceTree = "<group>";
		};
/* End PBXVariantGroup section */

/* Begin XCBuildConfiguration section */
		80423C691CFFEBE100BBCD14 /* Debug */ = {
			isa = XCBuildConfiguration;
			buildSettings = {
				ALWAYS_SEARCH_USER_PATHS = NO;
				CLANG_ANALYZER_NONNULL = YES;
				CLANG_CXX_LANGUAGE_STANDARD = "gnu++0x";
				CLANG_CXX_LIBRARY = "libc++";
				CLANG_ENABLE_MODULES = YES;
				CLANG_ENABLE_OBJC_ARC = YES;
				CLANG_WARN_BOOL_CONVERSION = YES;
				CLANG_WARN_CONSTANT_CONVERSION = YES;
				CLANG_WARN_DIRECT_OBJC_ISA_USAGE = YES_ERROR;
				CLANG_WARN_EMPTY_BODY = YES;
				CLANG_WARN_ENUM_CONVERSION = YES;
				CLANG_WARN_INT_CONVERSION = YES;
				CLANG_WARN_OBJC_ROOT_CLASS = YES_ERROR;
				CLANG_WARN_UNREACHABLE_CODE = YES;
				CLANG_WARN__DUPLICATE_METHOD_MATCH = YES;
				"CODE_SIGN_IDENTITY[sdk=iphoneos*]" = "iPhone Developer";
				COPY_PHASE_STRIP = NO;
				DEBUG_INFORMATION_FORMAT = dwarf;
				ENABLE_STRICT_OBJC_MSGSEND = YES;
				ENABLE_TESTABILITY = YES;
				GCC_C_LANGUAGE_STANDARD = gnu99;
				GCC_DYNAMIC_NO_PIC = NO;
				GCC_NO_COMMON_BLOCKS = YES;
				GCC_OPTIMIZATION_LEVEL = 0;
				GCC_PREPROCESSOR_DEFINITIONS = (
					"DEBUG=1",
					"$(inherited)",
				);
				GCC_WARN_64_TO_32_BIT_CONVERSION = YES;
				GCC_WARN_ABOUT_RETURN_TYPE = YES_ERROR;
				GCC_WARN_UNDECLARED_SELECTOR = YES;
				GCC_WARN_UNINITIALIZED_AUTOS = YES_AGGRESSIVE;
				GCC_WARN_UNUSED_FUNCTION = YES;
				GCC_WARN_UNUSED_VARIABLE = YES;
				IPHONEOS_DEPLOYMENT_TARGET = 9.3;
				MTL_ENABLE_DEBUG_INFO = YES;
				ONLY_ACTIVE_ARCH = YES;
				SDKROOT = iphoneos;
				SWIFT_OPTIMIZATION_LEVEL = "-Onone";
				TARGETED_DEVICE_FAMILY = "1,2";
			};
			name = Debug;
		};
		80423C6A1CFFEBE100BBCD14 /* Release */ = {
			isa = XCBuildConfiguration;
			buildSettings = {
				ALWAYS_SEARCH_USER_PATHS = NO;
				CLANG_ANALYZER_NONNULL = YES;
				CLANG_CXX_LANGUAGE_STANDARD = "gnu++0x";
				CLANG_CXX_LIBRARY = "libc++";
				CLANG_ENABLE_MODULES = YES;
				CLANG_ENABLE_OBJC_ARC = YES;
				CLANG_WARN_BOOL_CONVERSION = YES;
				CLANG_WARN_CONSTANT_CONVERSION = YES;
				CLANG_WARN_DIRECT_OBJC_ISA_USAGE = YES_ERROR;
				CLANG_WARN_EMPTY_BODY = YES;
				CLANG_WARN_ENUM_CONVERSION = YES;
				CLANG_WARN_INT_CONVERSION = YES;
				CLANG_WARN_OBJC_ROOT_CLASS = YES_ERROR;
				CLANG_WARN_UNREACHABLE_CODE = YES;
				CLANG_WARN__DUPLICATE_METHOD_MATCH = YES;
				"CODE_SIGN_IDENTITY[sdk=iphoneos*]" = "iPhone Developer";
				COPY_PHASE_STRIP = NO;
				DEBUG_INFORMATION_FORMAT = "dwarf-with-dsym";
				ENABLE_NS_ASSERTIONS = NO;
				ENABLE_STRICT_OBJC_MSGSEND = YES;
				GCC_C_LANGUAGE_STANDARD = gnu99;
				GCC_NO_COMMON_BLOCKS = YES;
				GCC_WARN_64_TO_32_BIT_CONVERSION = YES;
				GCC_WARN_ABOUT_RETURN_TYPE = YES_ERROR;
				GCC_WARN_UNDECLARED_SELECTOR = YES;
				GCC_WARN_UNINITIALIZED_AUTOS = YES_AGGRESSIVE;
				GCC_WARN_UNUSED_FUNCTION = YES;
				GCC_WARN_UNUSED_VARIABLE = YES;
				IPHONEOS_DEPLOYMENT_TARGET = 9.3;
				MTL_ENABLE_DEBUG_INFO = NO;
				SDKROOT = iphoneos;
				TARGETED_DEVICE_FAMILY = "1,2";
				VALIDATE_PRODUCT = YES;
			};
			name = Release;
		};
		80423C6C1CFFEBE100BBCD14 /* Debug */ = {
			isa = XCBuildConfiguration;
			buildSettings = {
				ASSETCATALOG_COMPILER_APPICON_NAME = AppIcon;
				INFOPLIST_FILE = SaleCalc/Info.plist;
				LD_RUNPATH_SEARCH_PATHS = "$(inherited) @executable_path/Frameworks";
				PRODUCT_BUNDLE_IDENTIFIER = com.example.SaleCalc;
				PRODUCT_NAME = "$(TARGET_NAME)";
			};
			name = Debug;
		};
		80423C6D1CFFEBE100BBCD14 /* Release */ = {
			isa = XCBuildConfiguration;
			buildSettings = {
				ASSETCATALOG_COMPILER_APPICON_NAME = AppIcon;
				INFOPLIST_FILE = SaleCalc/Info.plist;
				LD_RUNPATH_SEARCH_PATHS = "$(inherited) @executable_path/Frameworks";
				PRODUCT_BUNDLE_IDENTIFIER = com.example.SaleCalc;
				PRODUCT_NAME = "$(TARGET_NAME)";
			};
			name = Release;
		};
		80423C6F1CFFEBE100BBCD14 /* Debug */ = {
			isa = XCBuildConfiguration;
			buildSettings = {
				BUNDLE_LOADER = "$(TEST_HOST)";
				INFOPLIST_FILE = SaleCalcTests/Info.plist;
				LD_RUNPATH_SEARCH_PATHS = "$(inherited) @executable_path/Frameworks @loader_path/Frameworks";
				PRODUCT_BUNDLE_IDENTIFIER = com.example.SaleCalcTests;
				PRODUCT_NAME = "$(TARGET_NAME)";
				TEST_HOST = "$(BUILT_PRODUCTS_DIR)/SaleCalc.app/SaleCalc";
			};
			name = Debug;
		};
		80423C701CFFEBE100BBCD14 /* Release */ = {
			isa = XCBuildConfiguration;
			buildSettings = {
				BUNDLE_LOADER = "$(TEST_HOST)";
				INFOPLIST_FILE = SaleCalcTests/Info.plist;
				LD_RUNPATH_SEARCH_PATHS = "$(inherited) @executable_path/Frameworks @loader_path/Frameworks";
				PRODUCT_BUNDLE_IDENTIFIER = com.example.SaleCalcTests;
				PRODUCT_NAME = "$(TARGET_NAME)";
				TEST_HOST = "$(BUILT_PRODUCTS_DIR)/SaleCalc.app/SaleCalc";
			};
			name = Release;
		};
/* End XCBuildConfiguration section */

/* Begin XCConfigurationList section */
		80423C491CFFEBE100BBCD14 /* Build configuration list for PBXProject "SaleCalc" */ = {
			isa = XCConfigurationList;
			buildConfigurations = (
				80423C691CFFEBE100BBCD14 /* Debug */,
				80423C6A1CFFEBE100BBCD14 /* Release */,
			);
			defaultConfigurationIsVisible = 0;
			defaultConfigurationName = Release;
		};
		80423C6B1CFFEBE100BBCD14 /* Build configuration list for PBXNativeTarget "SaleCalc" */ = {
			isa = XCConfigurationList;
			buildConfigurations = (
				80423C6C1CFFEBE100BBCD14 /* Debug */,
				80423C6D1CFFEBE100BBCD14 /* Release */,
			);
			defaultConfigurationIsVisible = 0;
		};
		80423C6E1CFFEBE100BBCD14 /* Build configuration list for PBXNativeTarget "SaleCalcTests" */ = {
			isa = XCConfigurationList;
			buildConfigurations = (
				80423C6F1CFFEBE100BBCD14 /* Debug */,
				80423C701CFFEBE100BBCD14 /* Release */,
			);
			defaultConfigurationIsVisible = 0;
		};
/* End XCConfigurationList section */
	};
	rootObject = 80423C461CFFEBE100BBCD14 /* Project object */;
}
